
Microsoft Visual Studio Solution File, Format Version 12.00
# Visual Studio Version 17
VisualStudioVersion = 17.0.31903.59
MinimumVisualStudioVersion = 10.0.40219.1
Project("{FAE04EC0-301F-11D3-BF4B-00C04F79EFBC}") = "API", "API\API.csproj", "{454B8953-5CB3-4ADD-9A38-542DF43F7848}"
EndProject
Project("{FAE04EC0-301F-11D3-BF4B-00C04F79EFBC}") = "Core", "Core\Core.csproj", "{5F78C32C-A795-42DB-BBE3-C252BEA20864}"
EndProject
Project("{FAE04EC0-301F-11D3-BF4B-00C04F79EFBC}") = "Infrastructure", "Infrastructure\Infrastructure.csproj", "{A0320630-B935-4561-A92B-2ADEC1839DA5}"
EndProject
Global
	GlobalSection(SolutionConfigurationPlatforms) = preSolution
		Debug|Any CPU = Debug|Any CPU
		Release|Any CPU = Release|Any CPU
	EndGlobalSection
	GlobalSection(SolutionProperties) = preSolution
		HideSolutionNode = FALSE
	EndGlobalSection
	GlobalSection(ProjectConfigurationPlatforms) = postSolution
		{454B8953-5CB3-4ADD-9A38-542DF43F7848}.Debug|Any CPU.ActiveCfg = Debug|Any CPU
		{454B8953-5CB3-4ADD-9A38-542DF43F7848}.Debug|Any CPU.Build.0 = Debug|Any CPU
		{454B8953-5CB3-4ADD-9A38-542DF43F7848}.Release|Any CPU.ActiveCfg = Release|Any CPU
		{454B8953-5CB3-4ADD-9A38-542DF43F7848}.Release|Any CPU.Build.0 = Release|Any CPU
		{5F78C32C-A795-42DB-BBE3-C252BEA20864}.Debug|Any CPU.ActiveCfg = Debug|Any CPU
		{5F78C32C-A795-42DB-BBE3-C252BEA20864}.Debug|Any CPU.Build.0 = Debug|Any CPU
		{5F78C32C-A795-42DB-BBE3-C252BEA20864}.Release|Any CPU.ActiveCfg = Release|Any CPU
		{5F78C32C-A795-42DB-BBE3-C252BEA20864}.Release|Any CPU.Build.0 = Release|Any CPU
		{A0320630-B935-4561-A92B-2ADEC1839DA5}.Debug|Any CPU.ActiveCfg = Debug|Any CPU
		{A0320630-B935-4561-A92B-2ADEC1839DA5}.Debug|Any CPU.Build.0 = Debug|Any CPU
		{A0320630-B935-4561-A92B-2ADEC1839DA5}.Release|Any CPU.ActiveCfg = Release|Any CPU
		{A0320630-B935-4561-A92B-2ADEC1839DA5}.Release|Any CPU.Build.0 = Release|Any CPU
	EndGlobalSection
EndGlobal
